
Microsoft Visual Studio Solution File, Format Version 12.00
# Visual Studio Version 16
VisualStudioVersion = 16.0.30907.101
MinimumVisualStudioVersion = 10.0.40219.1
Project("{9A19103F-16F7-4668-BE54-9A1E7A4F7556}") = "KampIntro", "KampIntro\KampIntro.csproj", "{7FABA2CB-6D0C-400E-8255-5800F66D09E7}"
EndProject
Project("{9A19103F-16F7-4668-BE54-9A1E7A4F7556}") = "Donguler", "Donguler\Donguler.csproj", "{41B6D837-D8AF-4918-9F7A-4910091C4944}"
EndProject
Project("{9A19103F-16F7-4668-BE54-9A1E7A4F7556}") = "ClassIntro", "ClassIntro\ClassIntro.csproj", "{50D5AA29-A634-4A7F-B414-5438DFBA6058}"
EndProject
Project("{9A19103F-16F7-4668-BE54-9A1E7A4F7556}") = "Metotlar", "Metotlar\Metotlar.csproj", "{C66410CE-241C-48AC-9B53-10AF8BB20B14}"
EndProject
Project("{9A19103F-16F7-4668-BE54-9A1E7A4F7556}") = "Matematik", "Matematik\Matematik.csproj", "{497CE178-66A8-42D9-9D33-167B941281C3}"
EndProject
Project("{9A19103F-16F7-4668-BE54-9A1E7A4F7556}") = "DegerVeReferansTipler", "DegerVeReferansTipler\DegerVeReferansTipler.csproj", "{2D89155C-EA27-428C-A73D-85BF8A2D8096}"
EndProject
Project("{FAE04EC0-301F-11D3-BF4B-00C04F79EFBC}") = "OOP1", "OOP1\OOP1.csproj", "{AFBDCBA9-7603-47F7-A584-ECA161F258B0}"
EndProject
Project("{FAE04EC0-301F-11D3-BF4B-00C04F79EFBC}") = "Koleksiyonlar", "Koleksiyonlar\Koleksiyonlar.csproj", "{4C8EE814-EB57-4B7C-AD94-3E8D0385C74B}"
EndProject
Project("{FAE04EC0-301F-11D3-BF4B-00C04F79EFBC}") = "GenericsIntro", "GenericsIntro\GenericsIntro.csproj", "{F317C942-3F91-4F8C-A505-D053FE14FF1B}"
EndProject
Global
	GlobalSection(SolutionConfigurationPlatforms) = preSolution
		Debug|Any CPU = Debug|Any CPU
		Release|Any CPU = Release|Any CPU
	EndGlobalSection
	GlobalSection(ProjectConfigurationPlatforms) = postSolution
		{7FABA2CB-6D0C-400E-8255-5800F66D09E7}.Debug|Any CPU.ActiveCfg = Debug|Any CPU
		{7FABA2CB-6D0C-400E-8255-5800F66D09E7}.Debug|Any CPU.Build.0 = Debug|Any CPU
		{7FABA2CB-6D0C-400E-8255-5800F66D09E7}.Release|Any CPU.ActiveCfg = Release|Any CPU
		{7FABA2CB-6D0C-400E-8255-5800F66D09E7}.Release|Any CPU.Build.0 = Release|Any CPU
		{41B6D837-D8AF-4918-9F7A-4910091C4944}.Debug|Any CPU.ActiveCfg = Debug|Any CPU
		{41B6D837-D8AF-4918-9F7A-4910091C4944}.Debug|Any CPU.Build.0 = Debug|Any CPU
		{41B6D837-D8AF-4918-9F7A-4910091C4944}.Release|Any CPU.ActiveCfg = Release|Any CPU
		{41B6D837-D8AF-4918-9F7A-4910091C4944}.Release|Any CPU.Build.0 = Release|Any CPU
		{50D5AA29-A634-4A7F-B414-5438DFBA6058}.Debug|Any CPU.ActiveCfg = Debug|Any CPU
		{50D5AA29-A634-4A7F-B414-5438DFBA6058}.Debug|Any CPU.Build.0 = Debug|Any CPU
		{50D5AA29-A634-4A7F-B414-5438DFBA6058}.Release|Any CPU.ActiveCfg = Release|Any CPU
		{50D5AA29-A634-4A7F-B414-5438DFBA6058}.Release|Any CPU.Build.0 = Release|Any CPU
		{C66410CE-241C-48AC-9B53-10AF8BB20B14}.Debug|Any CPU.ActiveCfg = Debug|Any CPU
		{C66410CE-241C-48AC-9B53-10AF8BB20B14}.Debug|Any CPU.Build.0 = Debug|Any CPU
		{C66410CE-241C-48AC-9B53-10AF8BB20B14}.Release|Any CPU.ActiveCfg = Release|Any CPU
		{C66410CE-241C-48AC-9B53-10AF8BB20B14}.Release|Any CPU.Build.0 = Release|Any CPU
		{497CE178-66A8-42D9-9D33-167B941281C3}.Debug|Any CPU.ActiveCfg = Debug|Any CPU
		{497CE178-66A8-42D9-9D33-167B941281C3}.Debug|Any CPU.Build.0 = Debug|Any CPU
		{497CE178-66A8-42D9-9D33-167B941281C3}.Release|Any CPU.ActiveCfg = Release|Any CPU
		{497CE178-66A8-42D9-9D33-167B941281C3}.Release|Any CPU.Build.0 = Release|Any CPU
		{2D89155C-EA27-428C-A73D-85BF8A2D8096}.Debug|Any CPU.ActiveCfg = Debug|Any CPU
		{2D89155C-EA27-428C-A73D-85BF8A2D8096}.Debug|Any CPU.Build.0 = Debug|Any CPU
		{2D89155C-EA27-428C-A73D-85BF8A2D8096}.Release|Any CPU.ActiveCfg = Release|Any CPU
		{2D89155C-EA27-428C-A73D-85BF8A2D8096}.Release|Any CPU.Build.0 = Release|Any CPU
		{AFBDCBA9-7603-47F7-A584-ECA161F258B0}.Debug|Any CPU.ActiveCfg = Debug|Any CPU
		{AFBDCBA9-7603-47F7-A584-ECA161F258B0}.Debug|Any CPU.Build.0 = Debug|Any CPU
		{AFBDCBA9-7603-47F7-A584-ECA161F258B0}.Release|Any CPU.ActiveCfg = Release|Any CPU
		{AFBDCBA9-7603-47F7-A584-ECA161F258B0}.Release|Any CPU.Build.0 = Release|Any CPU
		{4C8EE814-EB57-4B7C-AD94-3E8D0385C74B}.Debug|Any CPU.ActiveCfg = Debug|Any CPU
		{4C8EE814-EB57-4B7C-AD94-3E8D0385C74B}.Debug|Any CPU.Build.0 = Debug|Any CPU
		{4C8EE814-EB57-4B7C-AD94-3E8D0385C74B}.Release|Any CPU.ActiveCfg = Release|Any CPU
		{4C8EE814-EB57-4B7C-AD94-3E8D0385C74B}.Release|Any CPU.Build.0 = Release|Any CPU
		{F317C942-3F91-4F8C-A505-D053FE14FF1B}.Debug|Any CPU.ActiveCfg = Debug|Any CPU
		{F317C942-3F91-4F8C-A505-D053FE14FF1B}.Debug|Any CPU.Build.0 = Debug|Any CPU
		{F317C942-3F91-4F8C-A505-D053FE14FF1B}.Release|Any CPU.ActiveCfg = Release|Any CPU
		{F317C942-3F91-4F8C-A505-D053FE14FF1B}.Release|Any CPU.Build.0 = Release|Any CPU
	EndGlobalSection
	GlobalSection(SolutionProperties) = preSolution
		HideSolutionNode = FALSE
	EndGlobalSection
	GlobalSection(ExtensibilityGlobals) = postSolution
		SolutionGuid = {B5445209-2AEE-49A7-B9A6-E1E07ADD299F}
	EndGlobalSection
EndGlobal
